// !$*UTF8*$!
{
	archiveVersion = 1;
	classes = {
	};
	objectVersion = 56;
	objects = {

/* Begin PBXBuildFile section */
		C8B04F712A791B0D00E1C2D2 /* CompressionCrashTestApp.swift in Sources */ = {isa = PBXBuildFile; fileRef = C8B04F702A791B0D00E1C2D2 /* CompressionCrashTestApp.swift */; };
		C8B04F732A791B0D00E1C2D2 /* ContentView.swift in Sources */ = {isa = PBXBuildFile; fileRef = C8B04F722A791B0D00E1C2D2 /* ContentView.swift */; };
		C8B04F752A791B0E00E1C2D2 /* Assets.xcassets in Resources */ = {isa = PBXBuildFile; fileRef = C8B04F742A791B0E00E1C2D2 /* Assets.xcassets */; };
		C8B04F782A791B0E00E1C2D2 /* Preview Assets.xcassets in Resources */ = {isa = PBXBuildFile; fileRef = C8B04F772A791B0E00E1C2D2 /* Preview Assets.xcassets */; };
		C8B04F832A791B0E00E1C2D2 /* CompressionCrashTestTests.swift in Sources */ = {isa = PBXBuildFile; fileRef = C8B04F822A791B0E00E1C2D2 /* CompressionCrashTestTests.swift */; };
		C8B04F8D2A791B0E00E1C2D2 /* CompressionCrashTestUITests.swift in Sources */ = {isa = PBXBuildFile; fileRef = C8B04F8C2A791B0E00E1C2D2 /* CompressionCrashTestUITests.swift */; };
		C8B04F8F2A791B0E00E1C2D2 /* CompressionCrashTestUITestsLaunchTests.swift in Sources */ = {isa = PBXBuildFile; fileRef = C8B04F8E2A791B0E00E1C2D2 /* CompressionCrashTestUITestsLaunchTests.swift */; };
/* End PBXBuildFile section */

/* Begin PBXContainerItemProxy section */
		C8B04F7F2A791B0E00E1C2D2 /* PBXContainerItemProxy */ = {
			isa = PBXContainerItemProxy;
			containerPortal = C8B04F652A791B0D00E1C2D2 /* Project object */;
			proxyType = 1;
			remoteGlobalIDString = C8B04F6C2A791B0D00E1C2D2;
			remoteInfo = CompressionCrashTest;
		};
		C8B04F892A791B0E00E1C2D2 /* PBXContainerItemProxy */ = {
			isa = PBXContainerItemProxy;
			containerPortal = C8B04F652A791B0D00E1C2D2 /* Project object */;
			proxyType = 1;
			remoteGlobalIDString = C8B04F6C2A791B0D00E1C2D2;
			remoteInfo = CompressionCrashTest;
		};
/* End PBXContainerItemProxy section */

/* Begin PBXFileReference section */
		C8B04F6D2A791B0D00E1C2D2 /* CompressionCrashTest.app */ = {isa = PBXFileReference; explicitFileType = wrapper.application; includeInIndex = 0; path = CompressionCrashTest.app; sourceTree = BUILT_PRODUCTS_DIR; };
		C8B04F702A791B0D00E1C2D2 /* CompressionCrashTestApp.swift */ = {isa = PBXFileReference; lastKnownFileType = sourcecode.swift; path = CompressionCrashTestApp.swift; sourceTree = "<group>"; };
		C8B04F722A791B0D00E1C2D2 /* ContentView.swift */ = {isa = PBXFileReference; lastKnownFileType = sourcecode.swift; path = ContentView.swift; sourceTree = "<group>"; };
		C8B04F742A791B0E00E1C2D2 /* Assets.xcassets */ = {isa = PBXFileReference; lastKnownFileType = folder.assetcatalog; path = Assets.xcassets; sourceTree = "<group>"; };
		C8B04F772A791B0E00E1C2D2 /* Preview Assets.xcassets */ = {isa = PBXFileReference; lastKnownFileType = folder.assetcatalog; path = "Preview Assets.xcassets"; sourceTree = "<group>"; };
		C8B04F792A791B0E00E1C2D2 /* CompressionCrashTest.entitlements */ = {isa = PBXFileReference; lastKnownFileType = text.plist.entitlements; path = CompressionCrashTest.entitlements; sourceTree = "<group>"; };
		C8B04F7E2A791B0E00E1C2D2 /* CompressionCrashTestTests.xctest */ = {isa = PBXFileReference; explicitFileType = wrapper.cfbundle; includeInIndex = 0; path = CompressionCrashTestTests.xctest; sourceTree = BUILT_PRODUCTS_DIR; };
		C8B04F822A791B0E00E1C2D2 /* CompressionCrashTestTests.swift */ = {isa = PBXFileReference; lastKnownFileType = sourcecode.swift; path = CompressionCrashTestTests.swift; sourceTree = "<group>"; };
		C8B04F882A791B0E00E1C2D2 /* CompressionCrashTestUITests.xctest */ = {isa = PBXFileReference; explicitFileType = wrapper.cfbundle; includeInIndex = 0; path = CompressionCrashTestUITests.xctest; sourceTree = BUILT_PRODUCTS_DIR; };
		C8B04F8C2A791B0E00E1C2D2 /* CompressionCrashTestUITests.swift */ = {isa = PBXFileReference; lastKnownFileType = sourcecode.swift; path = CompressionCrashTestUITests.swift; sourceTree = "<group>"; };
		C8B04F8E2A791B0E00E1C2D2 /* CompressionCrashTestUITestsLaunchTests.swift */ = {isa = PBXFileReference; lastKnownFileType = sourcecode.swift; path = CompressionCrashTestUITestsLaunchTests.swift; sourceTree = "<group>"; };
/* End PBXFileReference section */

/* Begin PBXFrameworksBuildPhase section */
		C8B04F6A2A791B0D00E1C2D2 /* Frameworks */ = {
			isa = PBXFrameworksBuildPhase;
			buildActionMask = 2147483647;
			files = (
			);
			runOnlyForDeploymentPostprocessing = 0;
		};
		C8B04F7B2A791B0E00E1C2D2 /* Frameworks */ = {
			isa = PBXFrameworksBuildPhase;
			buildActionMask = 2147483647;
			files = (
			);
			runOnlyForDeploymentPostprocessing = 0;
		};
		C8B04F852A791B0E00E1C2D2 /* Frameworks */ = {
			isa = PBXFrameworksBuildPhase;
			buildActionMask = 2147483647;
			files = (
			);
			runOnlyForDeploymentPostprocessing = 0;
		};
/* End PBXFrameworksBuildPhase section */

/* Begin PBXGroup section */
		C8B04F642A791B0D00E1C2D2 = {
			isa = PBXGroup;
			children = (
				C8B04F6F2A791B0D00E1C2D2 /* CompressionCrashTest */,
				C8B04F812A791B0E00E1C2D2 /* CompressionCrashTestTests */,
				C8B04F8B2A791B0E00E1C2D2 /* CompressionCrashTestUITests */,
				C8B04F6E2A791B0D00E1C2D2 /* Products */,
			);
			sourceTree = "<group>";
		};
		C8B04F6E2A791B0D00E1C2D2 /* Products */ = {
			isa = PBXGroup;
			children = (
				C8B04F6D2A791B0D00E1C2D2 /* CompressionCrashTest.app */,
				C8B04F7E2A791B0E00E1C2D2 /* CompressionCrashTestTests.xctest */,
				C8B04F882A791B0E00E1C2D2 /* CompressionCrashTestUITests.xctest */,
			);
			name = Products;
			sourceTree = "<group>";
		};
		C8B04F6F2A791B0D00E1C2D2 /* CompressionCrashTest */ = {
			isa = PBXGroup;
			children = (
				C8B04F702A791B0D00E1C2D2 /* CompressionCrashTestApp.swift */,
				C8B04F722A791B0D00E1C2D2 /* ContentView.swift */,
				C8B04F742A791B0E00E1C2D2 /* Assets.xcassets */,
				C8B04F792A791B0E00E1C2D2 /* CompressionCrashTest.entitlements */,
				C8B04F762A791B0E00E1C2D2 /* Preview Content */,
			);
			path = CompressionCrashTest;
			sourceTree = "<group>";
		};
		C8B04F762A791B0E00E1C2D2 /* Preview Content */ = {
			isa = PBXGroup;
			children = (
				C8B04F772A791B0E00E1C2D2 /* Preview Assets.xcassets */,
			);
			path = "Preview Content";
			sourceTree = "<group>";
		};
		C8B04F812A791B0E00E1C2D2 /* CompressionCrashTestTests */ = {
			isa = PBXGroup;
			children = (
				C8B04F822A791B0E00E1C2D2 /* CompressionCrashTestTests.swift */,
			);
			path = CompressionCrashTestTests;
			sourceTree = "<group>";
		};
		C8B04F8B2A791B0E00E1C2D2 /* CompressionCrashTestUITests */ = {
			isa = PBXGroup;
			children = (
				C8B04F8C2A791B0E00E1C2D2 /* CompressionCrashTestUITests.swift */,
				C8B04F8E2A791B0E00E1C2D2 /* CompressionCrashTestUITestsLaunchTests.swift */,
			);
			path = CompressionCrashTestUITests;
			sourceTree = "<group>";
		};
/* End PBXGroup section */

/* Begin PBXNativeTarget section */
		C8B04F6C2A791B0D00E1C2D2 /* CompressionCrashTest */ = {
			isa = PBXNativeTarget;
			buildConfigurationList = C8B04F922A791B0E00E1C2D2 /* Build configuration list for PBXNativeTarget "CompressionCrashTest" */;
			buildPhases = (
				C8B04F692A791B0D00E1C2D2 /* Sources */,
				C8B04F6A2A791B0D00E1C2D2 /* Frameworks */,
				C8B04F6B2A791B0D00E1C2D2 /* Resources */,
			);
			buildRules = (
			);
			dependencies = (
			);
			name = CompressionCrashTest;
			productName = CompressionCrashTest;
			productReference = C8B04F6D2A791B0D00E1C2D2 /* CompressionCrashTest.app */;
			productType = "com.apple.product-type.application";
		};
		C8B04F7D2A791B0E00E1C2D2 /* CompressionCrashTestTests */ = {
			isa = PBXNativeTarget;
			buildConfigurationList = C8B04F952A791B0E00E1C2D2 /* Build configuration list for PBXNativeTarget "CompressionCrashTestTests" */;
			buildPhases = (
				C8B04F7A2A791B0E00E1C2D2 /* Sources */,
				C8B04F7B2A791B0E00E1C2D2 /* Frameworks */,
				C8B04F7C2A791B0E00E1C2D2 /* Resources */,
			);
			buildRules = (
			);
			dependencies = (
				C8B04F802A791B0E00E1C2D2 /* PBXTargetDependency */,
			);
			name = CompressionCrashTestTests;
			productName = CompressionCrashTestTests;
			productReference = C8B04F7E2A791B0E00E1C2D2 /* CompressionCrashTestTests.xctest */;
			productType = "com.apple.product-type.bundle.unit-test";
		};
		C8B04F872A791B0E00E1C2D2 /* CompressionCrashTestUITests */ = {
			isa = PBXNativeTarget;
			buildConfigurationList = C8B04F982A791B0E00E1C2D2 /* Build configuration list for PBXNativeTarget "CompressionCrashTestUITests" */;
			buildPhases = (
				C8B04F842A791B0E00E1C2D2 /* Sources */,
				C8B04F852A791B0E00E1C2D2 /* Frameworks */,
				C8B04F862A791B0E00E1C2D2 /* Resources */,
			);
			buildRules = (
			);
			dependencies = (
				C8B04F8A2A791B0E00E1C2D2 /* PBXTargetDependency */,
			);
			name = CompressionCrashTestUITests;
			productName = CompressionCrashTestUITests;
			productReference = C8B04F882A791B0E00E1C2D2 /* CompressionCrashTestUITests.xctest */;
			productType = "com.apple.product-type.bundle.ui-testing";
		};
/* End PBXNativeTarget section */

/* Begin PBXProject section */
		C8B04F652A791B0D00E1C2D2 /* Project object */ = {
			isa = PBXProject;
			attributes = {
				BuildIndependentTargetsInParallel = 1;
				LastSwiftUpdateCheck = 1430;
				LastUpgradeCheck = 1430;
				TargetAttributes = {
					C8B04F6C2A791B0D00E1C2D2 = {
						CreatedOnToolsVersion = 14.3.1;
					};
					C8B04F7D2A791B0E00E1C2D2 = {
						CreatedOnToolsVersion = 14.3.1;
						TestTargetID = C8B04F6C2A791B0D00E1C2D2;
					};
					C8B04F872A791B0E00E1C2D2 = {
						CreatedOnToolsVersion = 14.3.1;
						TestTargetID = C8B04F6C2A791B0D00E1C2D2;
					};
				};
			};
			buildConfigurationList = C8B04F682A791B0D00E1C2D2 /* Build configuration list for PBXProject "CompressionCrashTest" */;
			compatibilityVersion = "Xcode 14.0";
			developmentRegion = en;
			hasScannedForEncodings = 0;
			knownRegions = (
				en,
				Base,
			);
			mainGroup = C8B04F642A791B0D00E1C2D2;
			productRefGroup = C8B04F6E2A791B0D00E1C2D2 /* Products */;
			projectDirPath = "";
			projectRoot = "";
			targets = (
				C8B04F6C2A791B0D00E1C2D2 /* CompressionCrashTest */,
				C8B04F7D2A791B0E00E1C2D2 /* CompressionCrashTestTests */,
				C8B04F872A791B0E00E1C2D2 /* CompressionCrashTestUITests */,
			);
		};
/* End PBXProject section */

/* Begin PBXResourcesBuildPhase section */
		C8B04F6B2A791B0D00E1C2D2 /* Resources */ = {
			isa = PBXResourcesBuildPhase;
			buildActionMask = 2147483647;
			files = (
				C8B04F782A791B0E00E1C2D2 /* Preview Assets.xcassets in Resources */,
				C8B04F752A791B0E00E1C2D2 /* Assets.xcassets in Resources */,
			);
			runOnlyForDeploymentPostprocessing = 0;
		};
		C8B04F7C2A791B0E00E1C2D2 /* Resources */ = {
			isa = PBXResourcesBuildPhase;
			buildActionMask = 2147483647;
			files = (
			);
			runOnlyForDeploymentPostprocessing = 0;
		};
		C8B04F862A791B0E00E1C2D2 /* Resources */ = {
			isa = PBXResourcesBuildPhase;
			buildActionMask = 2147483647;
			files = (
			);
			runOnlyForDeploymentPostprocessing = 0;
		};
/* End PBXResourcesBuildPhase section */

/* Begin PBXSourcesBuildPhase section */
		C8B04F692A791B0D00E1C2D2 /* Sources */ = {
			isa = PBXSourcesBuildPhase;
			buildActionMask = 2147483647;
			files = (
				C8B04F732A791B0D00E1C2D2 /* ContentView.swift in Sources */,
				C8B04F712A791B0D00E1C2D2 /* CompressionCrashTestApp.swift in Sources */,
			);
			runOnlyForDeploymentPostprocessing = 0;
		};
		C8B04F7A2A791B0E00E1C2D2 /* Sources */ = {
			isa = PBXSourcesBuildPhase;
			buildActionMask = 2147483647;
			files = (
				C8B04F832A791B0E00E1C2D2 /* CompressionCrashTestTests.swift in Sources */,
			);
			runOnlyForDeploymentPostprocessing = 0;
		};
		C8B04F842A791B0E00E1C2D2 /* Sources */ = {
			isa = PBXSourcesBuildPhase;
			buildActionMask = 2147483647;
			files = (
				C8B04F8D2A791B0E00E1C2D2 /* CompressionCrashTestUITests.swift in Sources */,
				C8B04F8F2A791B0E00E1C2D2 /* CompressionCrashTestUITestsLaunchTests.swift in Sources */,
			);
			runOnlyForDeploymentPostprocessing = 0;
		};
/* End PBXSourcesBuildPhase section */

/* Begin PBXTargetDependency section */
		C8B04F802A791B0E00E1C2D2 /* PBXTargetDependency */ = {
			isa = PBXTargetDependency;
			target = C8B04F6C2A791B0D00E1C2D2 /* CompressionCrashTest */;
			targetProxy = C8B04F7F2A791B0E00E1C2D2 /* PBXContainerItemProxy */;
		};
		C8B04F8A2A791B0E00E1C2D2 /* PBXTargetDependency */ = {
			isa = PBXTargetDependency;
			target = C8B04F6C2A791B0D00E1C2D2 /* CompressionCrashTest */;
			targetProxy = C8B04F892A791B0E00E1C2D2 /* PBXContainerItemProxy */;
		};
/* End PBXTargetDependency section */

/* Begin XCBuildConfiguration section */
		C8B04F902A791B0E00E1C2D2 /* Debug */ = {
			isa = XCBuildConfiguration;
			buildSettings = {
				ALWAYS_SEARCH_USER_PATHS = NO;
				CLANG_ANALYZER_NONNULL = YES;
				CLANG_ANALYZER_NUMBER_OBJECT_CONVERSION = YES_AGGRESSIVE;
				CLANG_CXX_LANGUAGE_STANDARD = "gnu++20";
				CLANG_ENABLE_MODULES = YES;
				CLANG_ENABLE_OBJC_ARC = YES;
				CLANG_ENABLE_OBJC_WEAK = YES;
				CLANG_WARN_BLOCK_CAPTURE_AUTORELEASING = YES;
				CLANG_WARN_BOOL_CONVERSION = YES;
				CLANG_WARN_COMMA = YES;
				CLANG_WARN_CONSTANT_CONVERSION = YES;
				CLANG_WARN_DEPRECATED_OBJC_IMPLEMENTATIONS = YES;
				CLANG_WARN_DIRECT_OBJC_ISA_USAGE = YES_ERROR;
				CLANG_WARN_DOCUMENTATION_COMMENTS = YES;
				CLANG_WARN_EMPTY_BODY = YES;
				CLANG_WARN_ENUM_CONVERSION = YES;
				CLANG_WARN_INFINITE_RECURSION = YES;
				CLANG_WARN_INT_CONVERSION = YES;
				CLANG_WARN_NON_LITERAL_NULL_CONVERSION = YES;
				CLANG_WARN_OBJC_IMPLICIT_RETAIN_SELF = YES;
				CLANG_WARN_OBJC_LITERAL_CONVERSION = YES;
				CLANG_WARN_OBJC_ROOT_CLASS = YES_ERROR;
				CLANG_WARN_QUOTED_INCLUDE_IN_FRAMEWORK_HEADER = YES;
				CLANG_WARN_RANGE_LOOP_ANALYSIS = YES;
				CLANG_WARN_STRICT_PROTOTYPES = YES;
				CLANG_WARN_SUSPICIOUS_MOVE = YES;
				CLANG_WARN_UNGUARDED_AVAILABILITY = YES_AGGRESSIVE;
				CLANG_WARN_UNREACHABLE_CODE = YES;
				CLANG_WARN__DUPLICATE_METHOD_MATCH = YES;
				COPY_PHASE_STRIP = NO;
				DEBUG_INFORMATION_FORMAT = dwarf;
				ENABLE_STRICT_OBJC_MSGSEND = YES;
				ENABLE_TESTABILITY = YES;
				GCC_C_LANGUAGE_STANDARD = gnu11;
				GCC_DYNAMIC_NO_PIC = NO;
				GCC_NO_COMMON_BLOCKS = YES;
				GCC_OPTIMIZATION_LEVEL = 0;
				GCC_PREPROCESSOR_DEFINITIONS = (
					"DEBUG=1",
					"$(inherited)",
				);
				GCC_WARN_64_TO_32_BIT_CONVERSION = YES;
				GCC_WARN_ABOUT_RETURN_TYPE = YES_ERROR;
				GCC_WARN_UNDECLARED_SELECTOR = YES;
				GCC_WARN_UNINITIALIZED_AUTOS = YES_AGGRESSIVE;
				GCC_WARN_UNUSED_FUNCTION = YES;
				GCC_WARN_UNUSED_VARIABLE = YES;
				MACOSX_DEPLOYMENT_TARGET = 13.3;
				MTL_ENABLE_DEBUG_INFO = INCLUDE_SOURCE;
				MTL_FAST_MATH = YES;
				ONLY_ACTIVE_ARCH = YES;
				SDKROOT = macosx;
				SWIFT_ACTIVE_COMPILATION_CONDITIONS = DEBUG;
				SWIFT_OPTIMIZATION_LEVEL = "-Onone";
			};
			name = Debug;
		};
		C8B04F912A791B0E00E1C2D2 /* Release */ = {
			isa = XCBuildConfiguration;
			buildSettings = {
				ALWAYS_SEARCH_USER_PATHS = NO;
				CLANG_ANALYZER_NONNULL = YES;
				CLANG_ANALYZER_NUMBER_OBJECT_CONVERSION = YES_AGGRESSIVE;
				CLANG_CXX_LANGUAGE_STANDARD = "gnu++20";
				CLANG_ENABLE_MODULES = YES;
				CLANG_ENABLE_OBJC_ARC = YES;
				CLANG_ENABLE_OBJC_WEAK = YES;
				CLANG_WARN_BLOCK_CAPTURE_AUTORELEASING = YES;
				CLANG_WARN_BOOL_CONVERSION = YES;
				CLANG_WARN_COMMA = YES;
				CLANG_WARN_CONSTANT_CONVERSION = YES;
				CLANG_WARN_DEPRECATED_OBJC_IMPLEMENTATIONS = YES;
				CLANG_WARN_DIRECT_OBJC_ISA_USAGE = YES_ERROR;
				CLANG_WARN_DOCUMENTATION_COMMENTS = YES;
				CLANG_WARN_EMPTY_BODY = YES;
				CLANG_WARN_ENUM_CONVERSION = YES;
				CLANG_WARN_INFINITE_RECURSION = YES;
				CLANG_WARN_INT_CONVERSION = YES;
				CLANG_WARN_NON_LITERAL_NULL_CONVERSION = YES;
				CLANG_WARN_OBJC_IMPLICIT_RETAIN_SELF = YES;
				CLANG_WARN_OBJC_LITERAL_CONVERSION = YES;
				CLANG_WARN_OBJC_ROOT_CLASS = YES_ERROR;
				CLANG_WARN_QUOTED_INCLUDE_IN_FRAMEWORK_HEADER = YES;
				CLANG_WARN_RANGE_LOOP_ANALYSIS = YES;
				CLANG_WARN_STRICT_PROTOTYPES = YES;
				CLANG_WARN_SUSPICIOUS_MOVE = YES;
				CLANG_WARN_UNGUARDED_AVAILABILITY = YES_AGGRESSIVE;
				CLANG_WARN_UNREACHABLE_CODE = YES;
				CLANG_WARN__DUPLICATE_METHOD_MATCH = YES;
				COPY_PHASE_STRIP = NO;
				DEBUG_INFORMATION_FORMAT = "dwarf-with-dsym";
				ENABLE_NS_ASSERTIONS = NO;
				ENABLE_STRICT_OBJC_MSGSEND = YES;
				GCC_C_LANGUAGE_STANDARD = gnu11;
				GCC_NO_COMMON_BLOCKS = YES;
				GCC_WARN_64_TO_32_BIT_CONVERSION = YES;
				GCC_WARN_ABOUT_RETURN_TYPE = YES_ERROR;
				GCC_WARN_UNDECLARED_SELECTOR = YES;
				GCC_WARN_UNINITIALIZED_AUTOS = YES_AGGRESSIVE;
				GCC_WARN_UNUSED_FUNCTION = YES;
				GCC_WARN_UNUSED_VARIABLE = YES;
				MACOSX_DEPLOYMENT_TARGET = 13.3;
				MTL_ENABLE_DEBUG_INFO = NO;
				MTL_FAST_MATH = YES;
				SDKROOT = macosx;
				SWIFT_COMPILATION_MODE = wholemodule;
				SWIFT_OPTIMIZATION_LEVEL = "-O";
			};
			name = Release;
		};
		C8B04F932A791B0E00E1C2D2 /* Debug */ = {
			isa = XCBuildConfiguration;
			buildSettings = {
				ASSETCATALOG_COMPILER_APPICON_NAME = AppIcon;
				ASSETCATALOG_COMPILER_GLOBAL_ACCENT_COLOR_NAME = AccentColor;
				CODE_SIGN_ENTITLEMENTS = CompressionCrashTest/CompressionCrashTest.entitlements;
				CODE_SIGN_STYLE = Automatic;
				COMBINE_HIDPI_IMAGES = YES;
				CURRENT_PROJECT_VERSION = 1;
				DEVELOPMENT_ASSET_PATHS = "\"CompressionCrashTest/Preview Content\"";
				DEVELOPMENT_TEAM = UDGLB23X37;
				ENABLE_HARDENED_RUNTIME = YES;
				ENABLE_PREVIEWS = YES;
				GENERATE_INFOPLIST_FILE = YES;
				INFOPLIST_KEY_NSHumanReadableCopyright = "";
				LD_RUNPATH_SEARCH_PATHS = (
					"$(inherited)",
					"@executable_path/../Frameworks",
				);
				MARKETING_VERSION = 1.0;
				PRODUCT_BUNDLE_IDENTIFIER = app.otato.CompressionCrashTest;
				PRODUCT_NAME = "$(TARGET_NAME)";
				SWIFT_EMIT_LOC_STRINGS = YES;
				SWIFT_VERSION = 5.0;
			};
			name = Debug;
		};
		C8B04F942A791B0E00E1C2D2 /* Release */ = {
			isa = XCBuildConfiguration;
			buildSettings = {
				ASSETCATALOG_COMPILER_APPICON_NAME = AppIcon;
				ASSETCATALOG_COMPILER_GLOBAL_ACCENT_COLOR_NAME = AccentColor;
				CODE_SIGN_ENTITLEMENTS = CompressionCrashTest/CompressionCrashTest.entitlements;
				CODE_SIGN_STYLE = Automatic;
				COMBINE_HIDPI_IMAGES = YES;
				CURRENT_PROJECT_VERSION = 1;
				DEVELOPMENT_ASSET_PATHS = "\"CompressionCrashTest/Preview Content\"";
				DEVELOPMENT_TEAM = UDGLB23X37;
				ENABLE_HARDENED_RUNTIME = YES;
				ENABLE_PREVIEWS = YES;
				GENERATE_INFOPLIST_FILE = YES;
				INFOPLIST_KEY_NSHumanReadableCopyright = "";
				LD_RUNPATH_SEARCH_PATHS = (
					"$(inherited)",
					"@executable_path/../Frameworks",
				);
				MARKETING_VERSION = 1.0;
				PRODUCT_BUNDLE_IDENTIFIER = app.otato.CompressionCrashTest;
				PRODUCT_NAME = "$(TARGET_NAME)";
				SWIFT_EMIT_LOC_STRINGS = YES;
				SWIFT_VERSION = 5.0;
			};
			name = Release;
		};
		C8B04F962A791B0E00E1C2D2 /* Debug */ = {
			isa = XCBuildConfiguration;
			buildSettings = {
				ALWAYS_EMBED_SWIFT_STANDARD_LIBRARIES = YES;
				BUNDLE_LOADER = "$(TEST_HOST)";
				CODE_SIGN_STYLE = Automatic;
				CURRENT_PROJECT_VERSION = 1;
				DEVELOPMENT_TEAM = UDGLB23X37;
				GENERATE_INFOPLIST_FILE = YES;
				MACOSX_DEPLOYMENT_TARGET = 13.3;
				MARKETING_VERSION = 1.0;
				PRODUCT_BUNDLE_IDENTIFIER = app.otato.CompressionCrashTestTests;
				PRODUCT_NAME = "$(TARGET_NAME)";
				SWIFT_EMIT_LOC_STRINGS = NO;
				SWIFT_VERSION = 5.0;
				TEST_HOST = "$(BUILT_PRODUCTS_DIR)/CompressionCrashTest.app/$(BUNDLE_EXECUTABLE_FOLDER_PATH)/CompressionCrashTest";
			};
			name = Debug;
		};
		C8B04F972A791B0E00E1C2D2 /* Release */ = {
			isa = XCBuildConfiguration;
			buildSettings = {
				ALWAYS_EMBED_SWIFT_STANDARD_LIBRARIES = YES;
				BUNDLE_LOADER = "$(TEST_HOST)";
				CODE_SIGN_STYLE = Automatic;
				CURRENT_PROJECT_VERSION = 1;
				DEVELOPMENT_TEAM = UDGLB23X37;
				GENERATE_INFOPLIST_FILE = YES;
				MACOSX_DEPLOYMENT_TARGET = 13.3;
				MARKETING_VERSION = 1.0;
				PRODUCT_BUNDLE_IDENTIFIER = app.otato.CompressionCrashTestTests;
				PRODUCT_NAME = "$(TARGET_NAME)";
				SWIFT_EMIT_LOC_STRINGS = NO;
				SWIFT_VERSION = 5.0;
				TEST_HOST = "$(BUILT_PRODUCTS_DIR)/CompressionCrashTest.app/$(BUNDLE_EXECUTABLE_FOLDER_PATH)/CompressionCrashTest";
			};
			name = Release;
		};
		C8B04F992A791B0E00E1C2D2 /* Debug */ = {
			isa = XCBuildConfiguration;
			buildSettings = {
				ALWAYS_EMBED_SWIFT_STANDARD_LIBRARIES = YES;
				CODE_SIGN_STYLE = Automatic;
				CURRENT_PROJECT_VERSION = 1;
				DEVELOPMENT_TEAM = UDGLB23X37;
				GENERATE_INFOPLIST_FILE = YES;
				MARKETING_VERSION = 1.0;
				PRODUCT_BUNDLE_IDENTIFIER = app.otato.CompressionCrashTestUITests;
				PRODUCT_NAME = "$(TARGET_NAME)";
				SWIFT_EMIT_LOC_STRINGS = NO;
				SWIFT_VERSION = 5.0;
				TEST_TARGET_NAME = CompressionCrashTest;
			};
			name = Debug;
		};
		C8B04F9A2A791B0E00E1C2D2 /* Release */ = {
			isa = XCBuildConfiguration;
			buildSettings = {
				ALWAYS_EMBED_SWIFT_STANDARD_LIBRARIES = YES;
				CODE_SIGN_STYLE = Automatic;
				CURRENT_PROJECT_VERSION = 1;
				DEVELOPMENT_TEAM = UDGLB23X37;
				GENERATE_INFOPLIST_FILE = YES;
				MARKETING_VERSION = 1.0;
				PRODUCT_BUNDLE_IDENTIFIER = app.otato.CompressionCrashTestUITests;
				PRODUCT_NAME = "$(TARGET_NAME)";
				SWIFT_EMIT_LOC_STRINGS = NO;
				SWIFT_VERSION = 5.0;
				TEST_TARGET_NAME = CompressionCrashTest;
			};
			name = Release;
		};
/* End XCBuildConfiguration section */

/* Begin XCConfigurationList section */
		C8B04F682A791B0D00E1C2D2 /* Build configuration list for PBXProject "CompressionCrashTest" */ = {
			isa = XCConfigurationList;
			buildConfigurations = (
				C8B04F902A791B0E00E1C2D2 /* Debug */,
				C8B04F912A791B0E00E1C2D2 /* Release */,
			);
			defaultConfigurationIsVisible = 0;
			defaultConfigurationName = Release;
		};
		C8B04F922A791B0E00E1C2D2 /* Build configuration list for PBXNativeTarget "CompressionCrashTest" */ = {
			isa = XCConfigurationList;
			buildConfigurations = (
				C8B04F932A791B0E00E1C2D2 /* Debug */,
				C8B04F942A791B0E00E1C2D2 /* Release */,
			);
			defaultConfigurationIsVisible = 0;
			defaultConfigurationName = Release;
		};
		C8B04F952A791B0E00E1C2D2 /* Build configuration list for PBXNativeTarget "CompressionCrashTestTests" */ = {
			isa = XCConfigurationList;
			buildConfigurations = (
				C8B04F962A791B0E00E1C2D2 /* Debug */,
				C8B04F972A791B0E00E1C2D2 /* Release */,
			);
			defaultConfigurationIsVisible = 0;
			defaultConfigurationName = Release;
		};
		C8B04F982A791B0E00E1C2D2 /* Build configuration list for PBXNativeTarget "CompressionCrashTestUITests" */ = {
			isa = XCConfigurationList;
			buildConfigurations = (
				C8B04F992A791B0E00E1C2D2 /* Debug */,
				C8B04F9A2A791B0E00E1C2D2 /* Release */,
			);
			defaultConfigurationIsVisible = 0;
			defaultConfigurationName = Release;
		};
/* End XCConfigurationList section */
	};
	rootObject = C8B04F652A791B0D00E1C2D2 /* Project object */;
}
